
Microsoft Visual Studio Solution File, Format Version 12.00
# Visual Studio Version 16
VisualStudioVersion = 16.0.31515.178
MinimumVisualStudioVersion = 10.0.40219.1
Project("{FAE04EC0-301F-11D3-BF4B-00C04F79EFBC}") = "while_for", "while_for.csproj", "{0863C4F2-B605-4DA5-8DDC-FCB614DBDD1B}"
EndProject
Global
	GlobalSection(SolutionConfigurationPlatforms) = preSolution
		Debug|Any CPU = Debug|Any CPU
		Release|Any CPU = Release|Any CPU
	EndGlobalSection
	GlobalSection(ProjectConfigurationPlatforms) = postSolution
		{0863C4F2-B605-4DA5-8DDC-FCB614DBDD1B}.Debug|Any CPU.ActiveCfg = Debug|Any CPU
		{0863C4F2-B605-4DA5-8DDC-FCB614DBDD1B}.Debug|Any CPU.Build.0 = Debug|Any CPU
		{0863C4F2-B605-4DA5-8DDC-FCB614DBDD1B}.Release|Any CPU.ActiveCfg = Release|Any CPU
		{0863C4F2-B605-4DA5-8DDC-FCB614DBDD1B}.Release|Any CPU.Build.0 = Release|Any CPU
	EndGlobalSection
	GlobalSection(SolutionProperties) = preSolution
		HideSolutionNode = FALSE
	EndGlobalSection
	GlobalSection(ExtensibilityGlobals) = postSolution
		SolutionGuid = {02ED0FA1-F715-4D08-AAF6-7AA95F6BFD8C}
	EndGlobalSection
EndGlobal
